<Solution>
  <Folder Name="/src/">
    <Project Path="src/DotnetSimpleImportOrchestrator/DotnetSimpleImportOrchestrator.csproj" />
  </Folder>
  <Folder Name="/tests/">
    <Project Path="tests/DotnetSimpleImportOrchestrator.Tests/DotnetSimpleImportOrchestrator.Tests.csproj" />
  </Folder>
</Solution>
